// !$*UTF8*$!
{
	archiveVersion = 1;
	classes = {
	};
	objectVersion = 46;
	objects = {

/* Begin PBXBuildFile section */
		E266D8BF1E0A6CF9003FF3E4 /* CarpoolViewController.swift in Sources */ = {isa = PBXBuildFile; fileRef = E266D8BE1E0A6CF9003FF3E4 /* CarpoolViewController.swift */; };
		E2DA85AB1DE4A946002A4D95 /* AppDelegate.swift in Sources */ = {isa = PBXBuildFile; fileRef = E2DA85AA1DE4A946002A4D95 /* AppDelegate.swift */; };
		E2DA85AD1DE4A946002A4D95 /* ViewController.swift in Sources */ = {isa = PBXBuildFile; fileRef = E2DA85AC1DE4A946002A4D95 /* ViewController.swift */; };
		E2DA85B01DE4A946002A4D95 /* Main.storyboard in Resources */ = {isa = PBXBuildFile; fileRef = E2DA85AE1DE4A946002A4D95 /* Main.storyboard */; };
		E2DA85B31DE4A946002A4D95 /* HackNTU_IOS_Project.xcdatamodeld in Sources */ = {isa = PBXBuildFile; fileRef = E2DA85B11DE4A946002A4D95 /* HackNTU_IOS_Project.xcdatamodeld */; };
		E2DA85B51DE4A946002A4D95 /* Assets.xcassets in Resources */ = {isa = PBXBuildFile; fileRef = E2DA85B41DE4A946002A4D95 /* Assets.xcassets */; };
		E2DA85B81DE4A946002A4D95 /* LaunchScreen.storyboard in Resources */ = {isa = PBXBuildFile; fileRef = E2DA85B61DE4A946002A4D95 /* LaunchScreen.storyboard */; };
		E2DA85C31DE4A947002A4D95 /* HackNTU_IOS_ProjectTests.swift in Sources */ = {isa = PBXBuildFile; fileRef = E2DA85C21DE4A947002A4D95 /* HackNTU_IOS_ProjectTests.swift */; };
		E2DA85CE1DE4A947002A4D95 /* HackNTU_IOS_ProjectUITests.swift in Sources */ = {isa = PBXBuildFile; fileRef = E2DA85CD1DE4A947002A4D95 /* HackNTU_IOS_ProjectUITests.swift */; };
		E41478D31E098BF300C323BF /* X_Logo_NBG.png in Resources */ = {isa = PBXBuildFile; fileRef = E41478D21E098BF300C323BF /* X_Logo_NBG.png */; };
		E41478D51E09CD6B00C323BF /* logoView.swift in Sources */ = {isa = PBXBuildFile; fileRef = E41478D41E09CD6B00C323BF /* logoView.swift */; };
		E41478D71E09EB2D00C323BF /* PublicProducerViewController.swift in Sources */ = {isa = PBXBuildFile; fileRef = E41478D61E09EB2D00C323BF /* PublicProducerViewController.swift */; };
		E4219CA31E0C7486007E6D7D /* data.plist in Resources */ = {isa = PBXBuildFile; fileRef = E4219CA21E0C7486007E6D7D /* data.plist */; };
		E4219CA51E0C921B007E6D7D /* dataS.plist in Resources */ = {isa = PBXBuildFile; fileRef = E4219CA41E0C921B007E6D7D /* dataS.plist */; };
		E47CEBAC1E0C16310052F3F2 /* UserData.swift in Sources */ = {isa = PBXBuildFile; fileRef = E47CEBAB1E0C16310052F3F2 /* UserData.swift */; };
		E4CC9BCD1E0A692700996770 /* ProducersViewController.swift in Sources */ = {isa = PBXBuildFile; fileRef = E4CC9BCC1E0A692700996770 /* ProducersViewController.swift */; };
		E4CC9BD01E0A6FBE00996770 /* MapKit.framework in Frameworks */ = {isa = PBXBuildFile; fileRef = E4CC9BCF1E0A6FBD00996770 /* MapKit.framework */; };
/* End PBXBuildFile section */

/* Begin PBXContainerItemProxy section */
		E2DA85BF1DE4A947002A4D95 /* PBXContainerItemProxy */ = {
			isa = PBXContainerItemProxy;
			containerPortal = E2DA859F1DE4A946002A4D95 /* Project object */;
			proxyType = 1;
			remoteGlobalIDString = E2DA85A61DE4A946002A4D95;
			remoteInfo = HackNTU_IOS_Project;
		};
		E2DA85CA1DE4A947002A4D95 /* PBXContainerItemProxy */ = {
			isa = PBXContainerItemProxy;
			containerPortal = E2DA859F1DE4A946002A4D95 /* Project object */;
			proxyType = 1;
			remoteGlobalIDString = E2DA85A61DE4A946002A4D95;
			remoteInfo = HackNTU_IOS_Project;
		};
/* End PBXContainerItemProxy section */

/* Begin PBXFileReference section */
		E266D8BE1E0A6CF9003FF3E4 /* CarpoolViewController.swift */ = {isa = PBXFileReference; fileEncoding = 4; lastKnownFileType = sourcecode.swift; path = CarpoolViewController.swift; sourceTree = "<group>"; };
		E2DA85A71DE4A946002A4D95 /* HackNTU_IOS_Project.app */ = {isa = PBXFileReference; explicitFileType = wrapper.application; includeInIndex = 0; path = HackNTU_IOS_Project.app; sourceTree = BUILT_PRODUCTS_DIR; };
		E2DA85AA1DE4A946002A4D95 /* AppDelegate.swift */ = {isa = PBXFileReference; lastKnownFileType = sourcecode.swift; path = AppDelegate.swift; sourceTree = "<group>"; };
		E2DA85AC1DE4A946002A4D95 /* ViewController.swift */ = {isa = PBXFileReference; lastKnownFileType = sourcecode.swift; path = ViewController.swift; sourceTree = "<group>"; };
		E2DA85AF1DE4A946002A4D95 /* Base */ = {isa = PBXFileReference; lastKnownFileType = file.storyboard; name = Base; path = Base.lproj/Main.storyboard; sourceTree = "<group>"; };
		E2DA85B21DE4A946002A4D95 /* HackNTU_IOS_Project.xcdatamodel */ = {isa = PBXFileReference; lastKnownFileType = wrapper.xcdatamodel; path = HackNTU_IOS_Project.xcdatamodel; sourceTree = "<group>"; };
		E2DA85B41DE4A946002A4D95 /* Assets.xcassets */ = {isa = PBXFileReference; lastKnownFileType = folder.assetcatalog; path = Assets.xcassets; sourceTree = "<group>"; };
		E2DA85B71DE4A946002A4D95 /* Base */ = {isa = PBXFileReference; lastKnownFileType = file.storyboard; name = Base; path = Base.lproj/LaunchScreen.storyboard; sourceTree = "<group>"; };
		E2DA85B91DE4A946002A4D95 /* Info.plist */ = {isa = PBXFileReference; lastKnownFileType = text.plist.xml; path = Info.plist; sourceTree = "<group>"; };
		E2DA85BE1DE4A947002A4D95 /* HackNTU_IOS_ProjectTests.xctest */ = {isa = PBXFileReference; explicitFileType = wrapper.cfbundle; includeInIndex = 0; path = HackNTU_IOS_ProjectTests.xctest; sourceTree = BUILT_PRODUCTS_DIR; };
		E2DA85C21DE4A947002A4D95 /* HackNTU_IOS_ProjectTests.swift */ = {isa = PBXFileReference; lastKnownFileType = sourcecode.swift; path = HackNTU_IOS_ProjectTests.swift; sourceTree = "<group>"; };
		E2DA85C41DE4A947002A4D95 /* Info.plist */ = {isa = PBXFileReference; lastKnownFileType = text.plist.xml; path = Info.plist; sourceTree = "<group>"; };
		E2DA85C91DE4A947002A4D95 /* HackNTU_IOS_ProjectUITests.xctest */ = {isa = PBXFileReference; explicitFileType = wrapper.cfbundle; includeInIndex = 0; path = HackNTU_IOS_ProjectUITests.xctest; sourceTree = BUILT_PRODUCTS_DIR; };
		E2DA85CD1DE4A947002A4D95 /* HackNTU_IOS_ProjectUITests.swift */ = {isa = PBXFileReference; lastKnownFileType = sourcecode.swift; path = HackNTU_IOS_ProjectUITests.swift; sourceTree = "<group>"; };
		E2DA85CF1DE4A947002A4D95 /* Info.plist */ = {isa = PBXFileReference; lastKnownFileType = text.plist.xml; path = Info.plist; sourceTree = "<group>"; };
		E41478D21E098BF300C323BF /* X_Logo_NBG.png */ = {isa = PBXFileReference; lastKnownFileType = image.png; name = X_Logo_NBG.png; path = Image/X_Logo_NBG.png; sourceTree = "<group>"; };
		E41478D41E09CD6B00C323BF /* logoView.swift */ = {isa = PBXFileReference; fileEncoding = 4; lastKnownFileType = sourcecode.swift; path = logoView.swift; sourceTree = "<group>"; };
		E41478D61E09EB2D00C323BF /* PublicProducerViewController.swift */ = {isa = PBXFileReference; fileEncoding = 4; lastKnownFileType = sourcecode.swift; path = PublicProducerViewController.swift; sourceTree = "<group>"; };
		E4219CA21E0C7486007E6D7D /* data.plist */ = {isa = PBXFileReference; fileEncoding = 4; lastKnownFileType = text.plist.xml; path = data.plist; sourceTree = "<group>"; };
		E4219CA41E0C921B007E6D7D /* dataS.plist */ = {isa = PBXFileReference; fileEncoding = 4; lastKnownFileType = text.plist.xml; path = dataS.plist; sourceTree = "<group>"; };
		E47CEBAB1E0C16310052F3F2 /* UserData.swift */ = {isa = PBXFileReference; fileEncoding = 4; lastKnownFileType = sourcecode.swift; path = UserData.swift; sourceTree = "<group>"; };
		E4CC9BCC1E0A692700996770 /* ProducersViewController.swift */ = {isa = PBXFileReference; fileEncoding = 4; lastKnownFileType = sourcecode.swift; path = ProducersViewController.swift; sourceTree = "<group>"; };
		E4CC9BCF1E0A6FBD00996770 /* MapKit.framework */ = {isa = PBXFileReference; lastKnownFileType = wrapper.framework; name = MapKit.framework; path = System/Library/Frameworks/MapKit.framework; sourceTree = SDKROOT; };
/* End PBXFileReference section */

/* Begin PBXFrameworksBuildPhase section */
		E2DA85A41DE4A946002A4D95 /* Frameworks */ = {
			isa = PBXFrameworksBuildPhase;
			buildActionMask = 2147483647;
			files = (
				E4CC9BD01E0A6FBE00996770 /* MapKit.framework in Frameworks */,
			);
			runOnlyForDeploymentPostprocessing = 0;
		};
		E2DA85BB1DE4A947002A4D95 /* Frameworks */ = {
			isa = PBXFrameworksBuildPhase;
			buildActionMask = 2147483647;
			files = (
			);
			runOnlyForDeploymentPostprocessing = 0;
		};
		E2DA85C61DE4A947002A4D95 /* Frameworks */ = {
			isa = PBXFrameworksBuildPhase;
			buildActionMask = 2147483647;
			files = (
			);
			runOnlyForDeploymentPostprocessing = 0;
		};
/* End PBXFrameworksBuildPhase section */

/* Begin PBXGroup section */
		E2DA859E1DE4A946002A4D95 = {
			isa = PBXGroup;
			children = (
				E2DA85A91DE4A946002A4D95 /* HackNTU_IOS_Project */,
				E2DA85C11DE4A947002A4D95 /* HackNTU_IOS_ProjectTests */,
				E2DA85CC1DE4A947002A4D95 /* HackNTU_IOS_ProjectUITests */,
				E2DA85A81DE4A946002A4D95 /* Products */,
				E4CC9BCE1E0A6FBD00996770 /* Frameworks */,
			);
			sourceTree = "<group>";
		};
		E2DA85A81DE4A946002A4D95 /* Products */ = {
			isa = PBXGroup;
			children = (
				E2DA85A71DE4A946002A4D95 /* HackNTU_IOS_Project.app */,
				E2DA85BE1DE4A947002A4D95 /* HackNTU_IOS_ProjectTests.xctest */,
				E2DA85C91DE4A947002A4D95 /* HackNTU_IOS_ProjectUITests.xctest */,
			);
			name = Products;
			sourceTree = "<group>";
		};
		E2DA85A91DE4A946002A4D95 /* HackNTU_IOS_Project */ = {
			isa = PBXGroup;
			children = (
				E2DA85AA1DE4A946002A4D95 /* AppDelegate.swift */,
				E2DA85AC1DE4A946002A4D95 /* ViewController.swift */,
				E47CEBAB1E0C16310052F3F2 /* UserData.swift */,
				E41478D41E09CD6B00C323BF /* logoView.swift */,
				E2DA85AE1DE4A946002A4D95 /* Main.storyboard */,
				E4CC9BCC1E0A692700996770 /* ProducersViewController.swift */,
				E41478D61E09EB2D00C323BF /* PublicProducerViewController.swift */,
				E266D8BE1E0A6CF9003FF3E4 /* CarpoolViewController.swift */,
				E2DA85B41DE4A946002A4D95 /* Assets.xcassets */,
				E2DA85B61DE4A946002A4D95 /* LaunchScreen.storyboard */,
				E2DA85B91DE4A946002A4D95 /* Info.plist */,
				E2DA85B11DE4A946002A4D95 /* HackNTU_IOS_Project.xcdatamodeld */,
				E47CEBA81E0BFF570052F3F2 /* Resource */,
			);
			path = HackNTU_IOS_Project;
			sourceTree = "<group>";
		};
		E2DA85C11DE4A947002A4D95 /* HackNTU_IOS_ProjectTests */ = {
			isa = PBXGroup;
			children = (
				E2DA85C21DE4A947002A4D95 /* HackNTU_IOS_ProjectTests.swift */,
				E2DA85C41DE4A947002A4D95 /* Info.plist */,
			);
			path = HackNTU_IOS_ProjectTests;
			sourceTree = "<group>";
		};
		E2DA85CC1DE4A947002A4D95 /* HackNTU_IOS_ProjectUITests */ = {
			isa = PBXGroup;
			children = (
				E2DA85CD1DE4A947002A4D95 /* HackNTU_IOS_ProjectUITests.swift */,
				E2DA85CF1DE4A947002A4D95 /* Info.plist */,
			);
			path = HackNTU_IOS_ProjectUITests;
			sourceTree = "<group>";
		};
		E47CEBA81E0BFF570052F3F2 /* Resource */ = {
			isa = PBXGroup;
			children = (
				E41478D21E098BF300C323BF /* X_Logo_NBG.png */,
				E4219CA21E0C7486007E6D7D /* data.plist */,
				E4219CA41E0C921B007E6D7D /* dataS.plist */,
			);
			name = Resource;
			sourceTree = "<group>";
		};
		E4CC9BCE1E0A6FBD00996770 /* Frameworks */ = {
			isa = PBXGroup;
			children = (
				E4CC9BCF1E0A6FBD00996770 /* MapKit.framework */,
			);
			name = Frameworks;
			sourceTree = "<group>";
		};
/* End PBXGroup section */

/* Begin PBXNativeTarget section */
		E2DA85A61DE4A946002A4D95 /* HackNTU_IOS_Project */ = {
			isa = PBXNativeTarget;
			buildConfigurationList = E2DA85D21DE4A947002A4D95 /* Build configuration list for PBXNativeTarget "HackNTU_IOS_Project" */;
			buildPhases = (
				E2DA85A31DE4A946002A4D95 /* Sources */,
				E2DA85A41DE4A946002A4D95 /* Frameworks */,
				E2DA85A51DE4A946002A4D95 /* Resources */,
			);
			buildRules = (
			);
			dependencies = (
			);
			name = HackNTU_IOS_Project;
			productName = HackNTU_IOS_Project;
			productReference = E2DA85A71DE4A946002A4D95 /* HackNTU_IOS_Project.app */;
			productType = "com.apple.product-type.application";
		};
		E2DA85BD1DE4A947002A4D95 /* HackNTU_IOS_ProjectTests */ = {
			isa = PBXNativeTarget;
			buildConfigurationList = E2DA85D51DE4A947002A4D95 /* Build configuration list for PBXNativeTarget "HackNTU_IOS_ProjectTests" */;
			buildPhases = (
				E2DA85BA1DE4A947002A4D95 /* Sources */,
				E2DA85BB1DE4A947002A4D95 /* Frameworks */,
				E2DA85BC1DE4A947002A4D95 /* Resources */,
			);
			buildRules = (
			);
			dependencies = (
				E2DA85C01DE4A947002A4D95 /* PBXTargetDependency */,
			);
			name = HackNTU_IOS_ProjectTests;
			productName = HackNTU_IOS_ProjectTests;
			productReference = E2DA85BE1DE4A947002A4D95 /* HackNTU_IOS_ProjectTests.xctest */;
			productType = "com.apple.product-type.bundle.unit-test";
		};
		E2DA85C81DE4A947002A4D95 /* HackNTU_IOS_ProjectUITests */ = {
			isa = PBXNativeTarget;
			buildConfigurationList = E2DA85D81DE4A947002A4D95 /* Build configuration list for PBXNativeTarget "HackNTU_IOS_ProjectUITests" */;
			buildPhases = (
				E2DA85C51DE4A947002A4D95 /* Sources */,
				E2DA85C61DE4A947002A4D95 /* Frameworks */,
				E2DA85C71DE4A947002A4D95 /* Resources */,
			);
			buildRules = (
			);
			dependencies = (
				E2DA85CB1DE4A947002A4D95 /* PBXTargetDependency */,
			);
			name = HackNTU_IOS_ProjectUITests;
			productName = HackNTU_IOS_ProjectUITests;
			productReference = E2DA85C91DE4A947002A4D95 /* HackNTU_IOS_ProjectUITests.xctest */;
			productType = "com.apple.product-type.bundle.ui-testing";
		};
/* End PBXNativeTarget section */

/* Begin PBXProject section */
		E2DA859F1DE4A946002A4D95 /* Project object */ = {
			isa = PBXProject;
			attributes = {
				LastSwiftUpdateCheck = 0810;
				LastUpgradeCheck = 0810;
				ORGANIZATIONNAME = Peter;
				TargetAttributes = {
					E2DA85A61DE4A946002A4D95 = {
						CreatedOnToolsVersion = 8.1;
						DevelopmentTeam = C58JY87RHS;
						ProvisioningStyle = Automatic;
					};
					E2DA85BD1DE4A947002A4D95 = {
						CreatedOnToolsVersion = 8.1;
						DevelopmentTeam = C58JY87RHS;
						ProvisioningStyle = Automatic;
						TestTargetID = E2DA85A61DE4A946002A4D95;
					};
					E2DA85C81DE4A947002A4D95 = {
						CreatedOnToolsVersion = 8.1;
						DevelopmentTeam = C58JY87RHS;
						ProvisioningStyle = Automatic;
						TestTargetID = E2DA85A61DE4A946002A4D95;
					};
				};
			};
			buildConfigurationList = E2DA85A21DE4A946002A4D95 /* Build configuration list for PBXProject "HackNTU_IOS_Project" */;
			compatibilityVersion = "Xcode 3.2";
			developmentRegion = English;
			hasScannedForEncodings = 0;
			knownRegions = (
				en,
				Base,
			);
			mainGroup = E2DA859E1DE4A946002A4D95;
			productRefGroup = E2DA85A81DE4A946002A4D95 /* Products */;
			projectDirPath = "";
			projectRoot = "";
			targets = (
				E2DA85A61DE4A946002A4D95 /* HackNTU_IOS_Project */,
				E2DA85BD1DE4A947002A4D95 /* HackNTU_IOS_ProjectTests */,
				E2DA85C81DE4A947002A4D95 /* HackNTU_IOS_ProjectUITests */,
			);
		};
/* End PBXProject section */

/* Begin PBXResourcesBuildPhase section */
		E2DA85A51DE4A946002A4D95 /* Resources */ = {
			isa = PBXResourcesBuildPhase;
			buildActionMask = 2147483647;
			files = (
				E4219CA51E0C921B007E6D7D /* dataS.plist in Resources */,
				E4219CA31E0C7486007E6D7D /* data.plist in Resources */,
				E2DA85B81DE4A946002A4D95 /* LaunchScreen.storyboard in Resources */,
				E2DA85B51DE4A946002A4D95 /* Assets.xcassets in Resources */,
				E2DA85B01DE4A946002A4D95 /* Main.storyboard in Resources */,
				E41478D31E098BF300C323BF /* X_Logo_NBG.png in Resources */,
			);
			runOnlyForDeploymentPostprocessing = 0;
		};
		E2DA85BC1DE4A947002A4D95 /* Resources */ = {
			isa = PBXResourcesBuildPhase;
			buildActionMask = 2147483647;
			files = (
			);
			runOnlyForDeploymentPostprocessing = 0;
		};
		E2DA85C71DE4A947002A4D95 /* Resources */ = {
			isa = PBXResourcesBuildPhase;
			buildActionMask = 2147483647;
			files = (
			);
			runOnlyForDeploymentPostprocessing = 0;
		};
/* End PBXResourcesBuildPhase section */

/* Begin PBXSourcesBuildPhase section */
		E2DA85A31DE4A946002A4D95 /* Sources */ = {
			isa = PBXSourcesBuildPhase;
			buildActionMask = 2147483647;
			files = (
				E4CC9BCD1E0A692700996770 /* ProducersViewController.swift in Sources */,
				E2DA85AD1DE4A946002A4D95 /* ViewController.swift in Sources */,
				E47CEBAC1E0C16310052F3F2 /* UserData.swift in Sources */,
				E41478D51E09CD6B00C323BF /* logoView.swift in Sources */,
				E2DA85AB1DE4A946002A4D95 /* AppDelegate.swift in Sources */,
				E266D8BF1E0A6CF9003FF3E4 /* CarpoolViewController.swift in Sources */,
				E41478D71E09EB2D00C323BF /* PublicProducerViewController.swift in Sources */,
				E2DA85B31DE4A946002A4D95 /* HackNTU_IOS_Project.xcdatamodeld in Sources */,
			);
			runOnlyForDeploymentPostprocessing = 0;
		};
		E2DA85BA1DE4A947002A4D95 /* Sources */ = {
			isa = PBXSourcesBuildPhase;
			buildActionMask = 2147483647;
			files = (
				E2DA85C31DE4A947002A4D95 /* HackNTU_IOS_ProjectTests.swift in Sources */,
			);
			runOnlyForDeploymentPostprocessing = 0;
		};
		E2DA85C51DE4A947002A4D95 /* Sources */ = {
			isa = PBXSourcesBuildPhase;
			buildActionMask = 2147483647;
			files = (
				E2DA85CE1DE4A947002A4D95 /* HackNTU_IOS_ProjectUITests.swift in Sources */,
			);
			runOnlyForDeploymentPostprocessing = 0;
		};
/* End PBXSourcesBuildPhase section */

/* Begin PBXTargetDependency section */
		E2DA85C01DE4A947002A4D95 /* PBXTargetDependency */ = {
			isa = PBXTargetDependency;
			target = E2DA85A61DE4A946002A4D95 /* HackNTU_IOS_Project */;
			targetProxy = E2DA85BF1DE4A947002A4D95 /* PBXContainerItemProxy */;
		};
		E2DA85CB1DE4A947002A4D95 /* PBXTargetDependency */ = {
			isa = PBXTargetDependency;
			target = E2DA85A61DE4A946002A4D95 /* HackNTU_IOS_Project */;
			targetProxy = E2DA85CA1DE4A947002A4D95 /* PBXContainerItemProxy */;
		};
/* End PBXTargetDependency section */

/* Begin PBXVariantGroup section */
		E2DA85AE1DE4A946002A4D95 /* Main.storyboard */ = {
			isa = PBXVariantGroup;
			children = (
				E2DA85AF1DE4A946002A4D95 /* Base */,
			);
			name = Main.storyboard;
			sourceTree = "<group>";
		};
		E2DA85B61DE4A946002A4D95 /* LaunchScreen.storyboard */ = {
			isa = PBXVariantGroup;
			children = (
				E2DA85B71DE4A946002A4D95 /* Base */,
			);
			name = LaunchScreen.storyboard;
			sourceTree = "<group>";
		};
/* End PBXVariantGroup section */

/* Begin XCBuildConfiguration section */
		E2DA85D01DE4A947002A4D95 /* Debug */ = {
			isa = XCBuildConfiguration;
			buildSettings = {
				ALWAYS_SEARCH_USER_PATHS = NO;
				CLANG_ANALYZER_NONNULL = YES;
				CLANG_CXX_LANGUAGE_STANDARD = "gnu++0x";
				CLANG_CXX_LIBRARY = "libc++";
				CLANG_ENABLE_MODULES = YES;
				CLANG_ENABLE_OBJC_ARC = YES;
				CLANG_WARN_BOOL_CONVERSION = YES;
				CLANG_WARN_CONSTANT_CONVERSION = YES;
				CLANG_WARN_DIRECT_OBJC_ISA_USAGE = YES_ERROR;
				CLANG_WARN_DOCUMENTATION_COMMENTS = YES;
				CLANG_WARN_EMPTY_BODY = YES;
				CLANG_WARN_ENUM_CONVERSION = YES;
				CLANG_WARN_INFINITE_RECURSION = YES;
				CLANG_WARN_INT_CONVERSION = YES;
				CLANG_WARN_OBJC_ROOT_CLASS = YES_ERROR;
				CLANG_WARN_SUSPICIOUS_MOVES = YES;
				CLANG_WARN_UNREACHABLE_CODE = YES;
				CLANG_WARN__DUPLICATE_METHOD_MATCH = YES;
				"CODE_SIGN_IDENTITY[sdk=iphoneos*]" = "iPhone Developer";
				COPY_PHASE_STRIP = NO;
				DEBUG_INFORMATION_FORMAT = dwarf;
				ENABLE_STRICT_OBJC_MSGSEND = YES;
				ENABLE_TESTABILITY = YES;
				GCC_C_LANGUAGE_STANDARD = gnu99;
				GCC_DYNAMIC_NO_PIC = NO;
				GCC_NO_COMMON_BLOCKS = YES;
				GCC_OPTIMIZATION_LEVEL = 0;
				GCC_PREPROCESSOR_DEFINITIONS = (
					"DEBUG=1",
					"$(inherited)",
				);
				GCC_WARN_64_TO_32_BIT_CONVERSION = YES;
				GCC_WARN_ABOUT_RETURN_TYPE = YES_ERROR;
				GCC_WARN_UNDECLARED_SELECTOR = YES;
				GCC_WARN_UNINITIALIZED_AUTOS = YES_AGGRESSIVE;
				GCC_WARN_UNUSED_FUNCTION = YES;
				GCC_WARN_UNUSED_VARIABLE = YES;
				IPHONEOS_DEPLOYMENT_TARGET = 10.1;
				MTL_ENABLE_DEBUG_INFO = YES;
				ONLY_ACTIVE_ARCH = YES;
				SDKROOT = iphoneos;
				SWIFT_ACTIVE_COMPILATION_CONDITIONS = DEBUG;
				SWIFT_OPTIMIZATION_LEVEL = "-Onone";
			};
			name = Debug;
		};
		E2DA85D11DE4A947002A4D95 /* Release */ = {
			isa = XCBuildConfiguration;
			buildSettings = {
				ALWAYS_SEARCH_USER_PATHS = NO;
				CLANG_ANALYZER_NONNULL = YES;
				CLANG_CXX_LANGUAGE_STANDARD = "gnu++0x";
				CLANG_CXX_LIBRARY = "libc++";
				CLANG_ENABLE_MODULES = YES;
				CLANG_ENABLE_OBJC_ARC = YES;
				CLANG_WARN_BOOL_CONVERSION = YES;
				CLANG_WARN_CONSTANT_CONVERSION = YES;
				CLANG_WARN_DIRECT_OBJC_ISA_USAGE = YES_ERROR;
				CLANG_WARN_DOCUMENTATION_COMMENTS = YES;
				CLANG_WARN_EMPTY_BODY = YES;
				CLANG_WARN_ENUM_CONVERSION = YES;
				CLANG_WARN_INFINITE_RECURSION = YES;
				CLANG_WARN_INT_CONVERSION = YES;
				CLANG_WARN_OBJC_ROOT_CLASS = YES_ERROR;
				CLANG_WARN_SUSPICIOUS_MOVES = YES;
				CLANG_WARN_UNREACHABLE_CODE = YES;
				CLANG_WARN__DUPLICATE_METHOD_MATCH = YES;
				"CODE_SIGN_IDENTITY[sdk=iphoneos*]" = "iPhone Developer";
				COPY_PHASE_STRIP = NO;
				DEBUG_INFORMATION_FORMAT = "dwarf-with-dsym";
				ENABLE_NS_ASSERTIONS = NO;
				ENABLE_STRICT_OBJC_MSGSEND = YES;
				GCC_C_LANGUAGE_STANDARD = gnu99;
				GCC_NO_COMMON_BLOCKS = YES;
				GCC_WARN_64_TO_32_BIT_CONVERSION = YES;
				GCC_WARN_ABOUT_RETURN_TYPE = YES_ERROR;
				GCC_WARN_UNDECLARED_SELECTOR = YES;
				GCC_WARN_UNINITIALIZED_AUTOS = YES_AGGRESSIVE;
				GCC_WARN_UNUSED_FUNCTION = YES;
				GCC_WARN_UNUSED_VARIABLE = YES;
				IPHONEOS_DEPLOYMENT_TARGET = 10.1;
				MTL_ENABLE_DEBUG_INFO = NO;
				SDKROOT = iphoneos;
				SWIFT_OPTIMIZATION_LEVEL = "-Owholemodule";
				VALIDATE_PRODUCT = YES;
			};
			name = Release;
		};
		E2DA85D31DE4A947002A4D95 /* Debug */ = {
			isa = XCBuildConfiguration;
			buildSettings = {
				ASSETCATALOG_COMPILER_APPICON_NAME = AppIcon;
				DEVELOPMENT_TEAM = C58JY87RHS;
				GENERATE_PKGINFO_FILE = NO;
				INFOPLIST_FILE = HackNTU_IOS_Project/Info.plist;
				LD_RUNPATH_SEARCH_PATHS = "$(inherited) @executable_path/Frameworks";
				PRODUCT_BUNDLE_IDENTIFIER = "pjHo.HackNTU-IOS-Project";
				PRODUCT_NAME = "$(TARGET_NAME)";
				SWIFT_VERSION = 3.0;
			};
			name = Debug;
		};
		E2DA85D41DE4A947002A4D95 /* Release */ = {
			isa = XCBuildConfiguration;
			buildSettings = {
				ASSETCATALOG_COMPILER_APPICON_NAME = AppIcon;
				DEVELOPMENT_TEAM = C58JY87RHS;
				GENERATE_PKGINFO_FILE = NO;
				INFOPLIST_FILE = HackNTU_IOS_Project/Info.plist;
				LD_RUNPATH_SEARCH_PATHS = "$(inherited) @executable_path/Frameworks";
				PRODUCT_BUNDLE_IDENTIFIER = "pjHo.HackNTU-IOS-Project";
				PRODUCT_NAME = "$(TARGET_NAME)";
				SWIFT_VERSION = 3.0;
			};
			name = Release;
		};
		E2DA85D61DE4A947002A4D95 /* Debug */ = {
			isa = XCBuildConfiguration;
			buildSettings = {
				ALWAYS_EMBED_SWIFT_STANDARD_LIBRARIES = YES;
				BUNDLE_LOADER = "$(TEST_HOST)";
				DEVELOPMENT_TEAM = C58JY87RHS;
				INFOPLIST_FILE = HackNTU_IOS_ProjectTests/Info.plist;
				LD_RUNPATH_SEARCH_PATHS = "$(inherited) @executable_path/Frameworks @loader_path/Frameworks";
				PRODUCT_BUNDLE_IDENTIFIER = "pjHo.HackNTU-IOS-ProjectTests";
				PRODUCT_NAME = "$(TARGET_NAME)";
				SWIFT_VERSION = 3.0;
				TEST_HOST = "$(BUILT_PRODUCTS_DIR)/HackNTU_IOS_Project.app/HackNTU_IOS_Project";
			};
			name = Debug;
		};
		E2DA85D71DE4A947002A4D95 /* Release */ = {
			isa = XCBuildConfiguration;
			buildSettings = {
				ALWAYS_EMBED_SWIFT_STANDARD_LIBRARIES = YES;
				BUNDLE_LOADER = "$(TEST_HOST)";
				DEVELOPMENT_TEAM = C58JY87RHS;
				INFOPLIST_FILE = HackNTU_IOS_ProjectTests/Info.plist;
				LD_RUNPATH_SEARCH_PATHS = "$(inherited) @executable_path/Frameworks @loader_path/Frameworks";
				PRODUCT_BUNDLE_IDENTIFIER = "pjHo.HackNTU-IOS-ProjectTests";
				PRODUCT_NAME = "$(TARGET_NAME)";
				SWIFT_VERSION = 3.0;
				TEST_HOST = "$(BUILT_PRODUCTS_DIR)/HackNTU_IOS_Project.app/HackNTU_IOS_Project";
			};
			name = Release;
		};
		E2DA85D91DE4A947002A4D95 /* Debug */ = {
			isa = XCBuildConfiguration;
			buildSettings = {
				ALWAYS_EMBED_SWIFT_STANDARD_LIBRARIES = YES;
				DEVELOPMENT_TEAM = C58JY87RHS;
				INFOPLIST_FILE = HackNTU_IOS_ProjectUITests/Info.plist;
				LD_RUNPATH_SEARCH_PATHS = "$(inherited) @executable_path/Frameworks @loader_path/Frameworks";
				PRODUCT_BUNDLE_IDENTIFIER = "pjHo.HackNTU-IOS-ProjectUITests";
				PRODUCT_NAME = "$(TARGET_NAME)";
				SWIFT_VERSION = 3.0;
				TEST_TARGET_NAME = HackNTU_IOS_Project;
			};
			name = Debug;
		};
		E2DA85DA1DE4A947002A4D95 /* Release */ = {
			isa = XCBuildConfiguration;
			buildSettings = {
				ALWAYS_EMBED_SWIFT_STANDARD_LIBRARIES = YES;
				DEVELOPMENT_TEAM = C58JY87RHS;
				INFOPLIST_FILE = HackNTU_IOS_ProjectUITests/Info.plist;
				LD_RUNPATH_SEARCH_PATHS = "$(inherited) @executable_path/Frameworks @loader_path/Frameworks";
				PRODUCT_BUNDLE_IDENTIFIER = "pjHo.HackNTU-IOS-ProjectUITests";
				PRODUCT_NAME = "$(TARGET_NAME)";
				SWIFT_VERSION = 3.0;
				TEST_TARGET_NAME = HackNTU_IOS_Project;
			};
			name = Release;
		};
/* End XCBuildConfiguration section */

/* Begin XCConfigurationList section */
		E2DA85A21DE4A946002A4D95 /* Build configuration list for PBXProject "HackNTU_IOS_Project" */ = {
			isa = XCConfigurationList;
			buildConfigurations = (
				E2DA85D01DE4A947002A4D95 /* Debug */,
				E2DA85D11DE4A947002A4D95 /* Release */,
			);
			defaultConfigurationIsVisible = 0;
			defaultConfigurationName = Release;
		};
		E2DA85D21DE4A947002A4D95 /* Build configuration list for PBXNativeTarget "HackNTU_IOS_Project" */ = {
			isa = XCConfigurationList;
			buildConfigurations = (
				E2DA85D31DE4A947002A4D95 /* Debug */,
				E2DA85D41DE4A947002A4D95 /* Release */,
			);
			defaultConfigurationIsVisible = 0;
			defaultConfigurationName = Release;
		};
		E2DA85D51DE4A947002A4D95 /* Build configuration list for PBXNativeTarget "HackNTU_IOS_ProjectTests" */ = {
			isa = XCConfigurationList;
			buildConfigurations = (
				E2DA85D61DE4A947002A4D95 /* Debug */,
				E2DA85D71DE4A947002A4D95 /* Release */,
			);
			defaultConfigurationIsVisible = 0;
			defaultConfigurationName = Release;
		};
		E2DA85D81DE4A947002A4D95 /* Build configuration list for PBXNativeTarget "HackNTU_IOS_ProjectUITests" */ = {
			isa = XCConfigurationList;
			buildConfigurations = (
				E2DA85D91DE4A947002A4D95 /* Debug */,
				E2DA85DA1DE4A947002A4D95 /* Release */,
			);
			defaultConfigurationIsVisible = 0;
			defaultConfigurationName = Release;
		};
/* End XCConfigurationList section */

/* Begin XCVersionGroup section */
		E2DA85B11DE4A946002A4D95 /* HackNTU_IOS_Project.xcdatamodeld */ = {
			isa = XCVersionGroup;
			children = (
				E2DA85B21DE4A946002A4D95 /* HackNTU_IOS_Project.xcdatamodel */,
			);
			currentVersion = E2DA85B21DE4A946002A4D95 /* HackNTU_IOS_Project.xcdatamodel */;
			path = HackNTU_IOS_Project.xcdatamodeld;
			sourceTree = "<group>";
			versionGroupType = wrapper.xcdatamodel;
		};
/* End XCVersionGroup section */
	};
	rootObject = E2DA859F1DE4A946002A4D95 /* Project object */;
}
